PODS:
  - Alamofire (4.5.1)
  - AlamofireObjectMapper (5.0.0):
    - Alamofire (~> 4.1)
    - ObjectMapper (~> 3.0)
  - ObjectMapper (3.0.0)

DEPENDENCIES:
  - Alamofire
  - AlamofireObjectMapper
  - ObjectMapper

SPEC CHECKSUMS:
  Alamofire: 2d95912bf4c34f164fdfc335872e8c312acaea4a
  AlamofireObjectMapper: 5fafc816351cbbc0d486611aaeba7461c0cbad49
  ObjectMapper: 92230db59bf8f341a5c3a3cf0b9fbdde3cf0d87f

PODFILE CHECKSUM: aecb05de889c0f4c36bad01a9c3a4a9dd7c8e3cd

COCOAPODS: 1.2.1
